// !$*UTF8*$!
{
	archiveVersion = 1;
	classes = {
	};
	objectVersion = 46;
	objects = {

/* Begin PBXBuildFile section */
		20929EF61B16513700523691 /* EventDetailsViewController.swift in Sources */ = {isa = PBXBuildFile; fileRef = 20929EF51B16513700523691 /* EventDetailsViewController.swift */; };
		2563C31A1B29106800C7102F /* User.swift in Sources */ = {isa = PBXBuildFile; fileRef = 2563C3191B29106800C7102F /* User.swift */; };
		2563C31C1B2910B100C7102F /* Event.swift in Sources */ = {isa = PBXBuildFile; fileRef = 2563C31B1B2910B100C7102F /* Event.swift */; };
		25FF9C021B2B712900885081 /* EventTableViewCell.swift in Sources */ = {isa = PBXBuildFile; fileRef = 25FF9C001B2B712900885081 /* EventTableViewCell.swift */; };
		25FF9C031B2B712900885081 /* EventTableViewCell.xib in Resources */ = {isa = PBXBuildFile; fileRef = 25FF9C011B2B712900885081 /* EventTableViewCell.xib */; };
		415B26D21B13AF5700ADBE22 /* AppDelegate.swift in Sources */ = {isa = PBXBuildFile; fileRef = 415B26D11B13AF5700ADBE22 /* AppDelegate.swift */; };
		415B26D41B13AF5700ADBE22 /* ViewController.swift in Sources */ = {isa = PBXBuildFile; fileRef = 415B26D31B13AF5700ADBE22 /* ViewController.swift */; };
		415B26D91B13AF5700ADBE22 /* Images.xcassets in Resources */ = {isa = PBXBuildFile; fileRef = 415B26D81B13AF5700ADBE22 /* Images.xcassets */; };
		415B26DC1B13AF5700ADBE22 /* LaunchScreen.xib in Resources */ = {isa = PBXBuildFile; fileRef = 415B26DA1B13AF5700ADBE22 /* LaunchScreen.xib */; };
		415B26E81B13AF5700ADBE22 /* MosaicTests.swift in Sources */ = {isa = PBXBuildFile; fileRef = 415B26E71B13AF5700ADBE22 /* MosaicTests.swift */; };
		415B26F31B13B4C100ADBE22 /* Bolts.framework in Frameworks */ = {isa = PBXBuildFile; fileRef = 415B26F11B13B4C100ADBE22 /* Bolts.framework */; };
		415B26F41B13B4C100ADBE22 /* Parse.framework in Frameworks */ = {isa = PBXBuildFile; fileRef = 415B26F21B13B4C100ADBE22 /* Parse.framework */; };
		415B27001B13B51D00ADBE22 /* AudioToolbox.framework in Frameworks */ = {isa = PBXBuildFile; fileRef = 415B26F51B13B51D00ADBE22 /* AudioToolbox.framework */; };
		415B27011B13B51D00ADBE22 /* CFNetwork.framework in Frameworks */ = {isa = PBXBuildFile; fileRef = 415B26F61B13B51D00ADBE22 /* CFNetwork.framework */; };
		415B27021B13B51D00ADBE22 /* CoreGraphics.framework in Frameworks */ = {isa = PBXBuildFile; fileRef = 415B26F71B13B51D00ADBE22 /* CoreGraphics.framework */; };
		415B27031B13B51D00ADBE22 /* CoreLocation.framework in Frameworks */ = {isa = PBXBuildFile; fileRef = 415B26F81B13B51D00ADBE22 /* CoreLocation.framework */; };
		415B27041B13B51D00ADBE22 /* libsqlite3.dylib in Frameworks */ = {isa = PBXBuildFile; fileRef = 415B26F91B13B51D00ADBE22 /* libsqlite3.dylib */; };
		415B27051B13B51D00ADBE22 /* libz.dylib in Frameworks */ = {isa = PBXBuildFile; fileRef = 415B26FA1B13B51D00ADBE22 /* libz.dylib */; };
		415B27061B13B51D00ADBE22 /* MobileCoreServices.framework in Frameworks */ = {isa = PBXBuildFile; fileRef = 415B26FB1B13B51D00ADBE22 /* MobileCoreServices.framework */; };
		415B27071B13B51D00ADBE22 /* QuartzCore.framework in Frameworks */ = {isa = PBXBuildFile; fileRef = 415B26FC1B13B51D00ADBE22 /* QuartzCore.framework */; };
		415B27081B13B51D00ADBE22 /* Security.framework in Frameworks */ = {isa = PBXBuildFile; fileRef = 415B26FD1B13B51D00ADBE22 /* Security.framework */; };
		415B27091B13B51D00ADBE22 /* StoreKit.framework in Frameworks */ = {isa = PBXBuildFile; fileRef = 415B26FE1B13B51D00ADBE22 /* StoreKit.framework */; };
		415B270A1B13B51D00ADBE22 /* SystemConfiguration.framework in Frameworks */ = {isa = PBXBuildFile; fileRef = 415B26FF1B13B51D00ADBE22 /* SystemConfiguration.framework */; };
		416998471B2A9C34009C7A16 /* Main.storyboard in Resources */ = {isa = PBXBuildFile; fileRef = 416998461B2A9C34009C7A16 /* Main.storyboard */; };
		4169984F1B2A9F42009C7A16 /* LoginViewController.swift in Sources */ = {isa = PBXBuildFile; fileRef = 4169984E1B2A9F42009C7A16 /* LoginViewController.swift */; };
		416998511B2AAB15009C7A16 /* ParseFacebookUtilsV4.framework in Frameworks */ = {isa = PBXBuildFile; fileRef = 416998501B2AAB15009C7A16 /* ParseFacebookUtilsV4.framework */; };
		416998531B2AAB5A009C7A16 /* Accounts.framework in Frameworks */ = {isa = PBXBuildFile; fileRef = 416998521B2AAB5A009C7A16 /* Accounts.framework */; };
		416998551B2AAB73009C7A16 /* Social.framework in Frameworks */ = {isa = PBXBuildFile; fileRef = 416998541B2AAB73009C7A16 /* Social.framework */; };
		4169985D1B2AACE9009C7A16 /* FBSDKCoreKit.framework in Frameworks */ = {isa = PBXBuildFile; fileRef = 4169985A1B2AACE8009C7A16 /* FBSDKCoreKit.framework */; };
		4169985E1B2AACE9009C7A16 /* FBSDKLoginKit.framework in Frameworks */ = {isa = PBXBuildFile; fileRef = 4169985B1B2AACE8009C7A16 /* FBSDKLoginKit.framework */; };
		4169985F1B2AACE9009C7A16 /* FBSDKShareKit.framework in Frameworks */ = {isa = PBXBuildFile; fileRef = 4169985C1B2AACE9009C7A16 /* FBSDKShareKit.framework */; };
		63B383741B29430C00D7A0A1 /* FavouriteController.swift in Sources */ = {isa = PBXBuildFile; fileRef = 63B383731B29430C00D7A0A1 /* FavouriteController.swift */; };
		63B383761B294AC100D7A0A1 /* AttendingController.swift in Sources */ = {isa = PBXBuildFile; fileRef = 63B383751B294AC100D7A0A1 /* AttendingController.swift */; };
/* End PBXBuildFile section */

/* Begin PBXContainerItemProxy section */
		415B26E21B13AF5700ADBE22 /* PBXContainerItemProxy */ = {
			isa = PBXContainerItemProxy;
			containerPortal = 415B26C41B13AF5700ADBE22 /* Project object */;
			proxyType = 1;
			remoteGlobalIDString = 415B26CB1B13AF5700ADBE22;
			remoteInfo = Mosaic;
		};
/* End PBXContainerItemProxy section */

/* Begin PBXFileReference section */
		20929EF51B16513700523691 /* EventDetailsViewController.swift */ = {isa = PBXFileReference; fileEncoding = 4; lastKnownFileType = sourcecode.swift; path = EventDetailsViewController.swift; sourceTree = "<group>"; };
		2563C3191B29106800C7102F /* User.swift */ = {isa = PBXFileReference; fileEncoding = 4; lastKnownFileType = sourcecode.swift; name = User.swift; path = Models/User.swift; sourceTree = "<group>"; };
		2563C31B1B2910B100C7102F /* Event.swift */ = {isa = PBXFileReference; fileEncoding = 4; lastKnownFileType = sourcecode.swift; name = Event.swift; path = Models/Event.swift; sourceTree = "<group>"; };
		25FF9C001B2B712900885081 /* EventTableViewCell.swift */ = {isa = PBXFileReference; fileEncoding = 4; lastKnownFileType = sourcecode.swift; name = EventTableViewCell.swift; path = Views/EventTableViewCell.swift; sourceTree = "<group>"; };
		25FF9C011B2B712900885081 /* EventTableViewCell.xib */ = {isa = PBXFileReference; fileEncoding = 4; lastKnownFileType = file.xib; name = EventTableViewCell.xib; path = Views/EventTableViewCell.xib; sourceTree = "<group>"; };
		415B26CC1B13AF5700ADBE22 /* Mosaic.app */ = {isa = PBXFileReference; explicitFileType = wrapper.application; includeInIndex = 0; path = Mosaic.app; sourceTree = BUILT_PRODUCTS_DIR; };
		415B26D01B13AF5700ADBE22 /* Info.plist */ = {isa = PBXFileReference; lastKnownFileType = text.plist.xml; path = Info.plist; sourceTree = "<group>"; };
		415B26D11B13AF5700ADBE22 /* AppDelegate.swift */ = {isa = PBXFileReference; lastKnownFileType = sourcecode.swift; path = AppDelegate.swift; sourceTree = "<group>"; };
		415B26D31B13AF5700ADBE22 /* ViewController.swift */ = {isa = PBXFileReference; lastKnownFileType = sourcecode.swift; path = ViewController.swift; sourceTree = "<group>"; };
		415B26D81B13AF5700ADBE22 /* Images.xcassets */ = {isa = PBXFileReference; lastKnownFileType = folder.assetcatalog; path = Images.xcassets; sourceTree = "<group>"; };
		415B26DB1B13AF5700ADBE22 /* Base */ = {isa = PBXFileReference; lastKnownFileType = file.xib; name = Base; path = Base.lproj/LaunchScreen.xib; sourceTree = "<group>"; };
		415B26E11B13AF5700ADBE22 /* MosaicTests.xctest */ = {isa = PBXFileReference; explicitFileType = wrapper.cfbundle; includeInIndex = 0; path = MosaicTests.xctest; sourceTree = BUILT_PRODUCTS_DIR; };
		415B26E61B13AF5700ADBE22 /* Info.plist */ = {isa = PBXFileReference; lastKnownFileType = text.plist.xml; path = Info.plist; sourceTree = "<group>"; };
		415B26E71B13AF5700ADBE22 /* MosaicTests.swift */ = {isa = PBXFileReference; lastKnownFileType = sourcecode.swift; path = MosaicTests.swift; sourceTree = "<group>"; };
		415B26F11B13B4C100ADBE22 /* Bolts.framework */ = {isa = PBXFileReference; lastKnownFileType = wrapper.framework; path = Bolts.framework; sourceTree = "<group>"; };
		415B26F21B13B4C100ADBE22 /* Parse.framework */ = {isa = PBXFileReference; lastKnownFileType = wrapper.framework; path = Parse.framework; sourceTree = "<group>"; };
		415B26F51B13B51D00ADBE22 /* AudioToolbox.framework */ = {isa = PBXFileReference; lastKnownFileType = wrapper.framework; name = AudioToolbox.framework; path = System/Library/Frameworks/AudioToolbox.framework; sourceTree = SDKROOT; };
		415B26F61B13B51D00ADBE22 /* CFNetwork.framework */ = {isa = PBXFileReference; lastKnownFileType = wrapper.framework; name = CFNetwork.framework; path = System/Library/Frameworks/CFNetwork.framework; sourceTree = SDKROOT; };
		415B26F71B13B51D00ADBE22 /* CoreGraphics.framework */ = {isa = PBXFileReference; lastKnownFileType = wrapper.framework; name = CoreGraphics.framework; path = System/Library/Frameworks/CoreGraphics.framework; sourceTree = SDKROOT; };
		415B26F81B13B51D00ADBE22 /* CoreLocation.framework */ = {isa = PBXFileReference; lastKnownFileType = wrapper.framework; name = CoreLocation.framework; path = System/Library/Frameworks/CoreLocation.framework; sourceTree = SDKROOT; };
		415B26F91B13B51D00ADBE22 /* libsqlite3.dylib */ = {isa = PBXFileReference; lastKnownFileType = "compiled.mach-o.dylib"; name = libsqlite3.dylib; path = usr/lib/libsqlite3.dylib; sourceTree = SDKROOT; };
		415B26FA1B13B51D00ADBE22 /* libz.dylib */ = {isa = PBXFileReference; lastKnownFileType = "compiled.mach-o.dylib"; name = libz.dylib; path = usr/lib/libz.dylib; sourceTree = SDKROOT; };
		415B26FB1B13B51D00ADBE22 /* MobileCoreServices.framework */ = {isa = PBXFileReference; lastKnownFileType = wrapper.framework; name = MobileCoreServices.framework; path = System/Library/Frameworks/MobileCoreServices.framework; sourceTree = SDKROOT; };
		415B26FC1B13B51D00ADBE22 /* QuartzCore.framework */ = {isa = PBXFileReference; lastKnownFileType = wrapper.framework; name = QuartzCore.framework; path = System/Library/Frameworks/QuartzCore.framework; sourceTree = SDKROOT; };
		415B26FD1B13B51D00ADBE22 /* Security.framework */ = {isa = PBXFileReference; lastKnownFileType = wrapper.framework; name = Security.framework; path = System/Library/Frameworks/Security.framework; sourceTree = SDKROOT; };
		415B26FE1B13B51D00ADBE22 /* StoreKit.framework */ = {isa = PBXFileReference; lastKnownFileType = wrapper.framework; name = StoreKit.framework; path = System/Library/Frameworks/StoreKit.framework; sourceTree = SDKROOT; };
		415B26FF1B13B51D00ADBE22 /* SystemConfiguration.framework */ = {isa = PBXFileReference; lastKnownFileType = wrapper.framework; name = SystemConfiguration.framework; path = System/Library/Frameworks/SystemConfiguration.framework; sourceTree = SDKROOT; };
		416998461B2A9C34009C7A16 /* Main.storyboard */ = {isa = PBXFileReference; fileEncoding = 4; lastKnownFileType = file.storyboard; path = Main.storyboard; sourceTree = "<group>"; };
		4169984E1B2A9F42009C7A16 /* LoginViewController.swift */ = {isa = PBXFileReference; fileEncoding = 4; lastKnownFileType = sourcecode.swift; path = LoginViewController.swift; sourceTree = "<group>"; };
		416998501B2AAB15009C7A16 /* ParseFacebookUtilsV4.framework */ = {isa = PBXFileReference; lastKnownFileType = wrapper.framework; path = ParseFacebookUtilsV4.framework; sourceTree = "<group>"; };
		416998521B2AAB5A009C7A16 /* Accounts.framework */ = {isa = PBXFileReference; lastKnownFileType = wrapper.framework; name = Accounts.framework; path = System/Library/Frameworks/Accounts.framework; sourceTree = SDKROOT; };
		416998541B2AAB73009C7A16 /* Social.framework */ = {isa = PBXFileReference; lastKnownFileType = wrapper.framework; name = Social.framework; path = System/Library/Frameworks/Social.framework; sourceTree = SDKROOT; };
		416998561B2AABCC009C7A16 /* Mosaic-Bridging-Header.h */ = {isa = PBXFileReference; lastKnownFileType = sourcecode.c.h; path = "Mosaic-Bridging-Header.h"; sourceTree = "<group>"; };
		4169985A1B2AACE8009C7A16 /* FBSDKCoreKit.framework */ = {isa = PBXFileReference; lastKnownFileType = wrapper.framework; path = FBSDKCoreKit.framework; sourceTree = "<group>"; };
		4169985B1B2AACE8009C7A16 /* FBSDKLoginKit.framework */ = {isa = PBXFileReference; lastKnownFileType = wrapper.framework; path = FBSDKLoginKit.framework; sourceTree = "<group>"; };
		4169985C1B2AACE9009C7A16 /* FBSDKShareKit.framework */ = {isa = PBXFileReference; lastKnownFileType = wrapper.framework; path = FBSDKShareKit.framework; sourceTree = "<group>"; };
		63B383731B29430C00D7A0A1 /* FavouriteController.swift */ = {isa = PBXFileReference; fileEncoding = 4; lastKnownFileType = sourcecode.swift; path = FavouriteController.swift; sourceTree = "<group>"; };
		63B383751B294AC100D7A0A1 /* AttendingController.swift */ = {isa = PBXFileReference; fileEncoding = 4; lastKnownFileType = sourcecode.swift; path = AttendingController.swift; sourceTree = "<group>"; };
/* End PBXFileReference section */

/* Begin PBXFrameworksBuildPhase section */
		415B26C91B13AF5700ADBE22 /* Frameworks */ = {
			isa = PBXFrameworksBuildPhase;
			buildActionMask = 2147483647;
			files = (
				416998551B2AAB73009C7A16 /* Social.framework in Frameworks */,
				416998531B2AAB5A009C7A16 /* Accounts.framework in Frameworks */,
				4169985E1B2AACE9009C7A16 /* FBSDKLoginKit.framework in Frameworks */,
				4169985D1B2AACE9009C7A16 /* FBSDKCoreKit.framework in Frameworks */,
				415B27001B13B51D00ADBE22 /* AudioToolbox.framework in Frameworks */,
				415B27011B13B51D00ADBE22 /* CFNetwork.framework in Frameworks */,
				415B27021B13B51D00ADBE22 /* CoreGraphics.framework in Frameworks */,
				415B27031B13B51D00ADBE22 /* CoreLocation.framework in Frameworks */,
				415B27041B13B51D00ADBE22 /* libsqlite3.dylib in Frameworks */,
				415B27051B13B51D00ADBE22 /* libz.dylib in Frameworks */,
				415B27061B13B51D00ADBE22 /* MobileCoreServices.framework in Frameworks */,
				415B27071B13B51D00ADBE22 /* QuartzCore.framework in Frameworks */,
				4169985F1B2AACE9009C7A16 /* FBSDKShareKit.framework in Frameworks */,
				415B27081B13B51D00ADBE22 /* Security.framework in Frameworks */,
				415B27091B13B51D00ADBE22 /* StoreKit.framework in Frameworks */,
				415B270A1B13B51D00ADBE22 /* SystemConfiguration.framework in Frameworks */,
				416998511B2AAB15009C7A16 /* ParseFacebookUtilsV4.framework in Frameworks */,
				415B26F41B13B4C100ADBE22 /* Parse.framework in Frameworks */,
				415B26F31B13B4C100ADBE22 /* Bolts.framework in Frameworks */,
			);
			runOnlyForDeploymentPostprocessing = 0;
		};
		415B26DE1B13AF5700ADBE22 /* Frameworks */ = {
			isa = PBXFrameworksBuildPhase;
			buildActionMask = 2147483647;
			files = (
			);
			runOnlyForDeploymentPostprocessing = 0;
		};
/* End PBXFrameworksBuildPhase section */

/* Begin PBXGroup section */
		2563C3181B29102600C7102F /* Models */ = {
			isa = PBXGroup;
			children = (
				2563C3191B29106800C7102F /* User.swift */,
				2563C31B1B2910B100C7102F /* Event.swift */,
			);
			name = Models;
			sourceTree = "<group>";
		};
		2563C3221B2935E700C7102F /* View Controllers */ = {
			isa = PBXGroup;
			children = (
				4169984E1B2A9F42009C7A16 /* LoginViewController.swift */,
				63B383751B294AC100D7A0A1 /* AttendingController.swift */,
				63B383731B29430C00D7A0A1 /* FavouriteController.swift */,
				415B26D31B13AF5700ADBE22 /* ViewController.swift */,
				20929EF51B16513700523691 /* EventDetailsViewController.swift */,
			);
			name = "View Controllers";
			sourceTree = "<group>";
		};
		25FF9BFB1B2B6F5A00885081 /* Views */ = {
			isa = PBXGroup;
			children = (
				416998461B2A9C34009C7A16 /* Main.storyboard */,
				415B26DA1B13AF5700ADBE22 /* LaunchScreen.xib */,
				25FF9C001B2B712900885081 /* EventTableViewCell.swift */,
				25FF9C011B2B712900885081 /* EventTableViewCell.xib */,
			);
			name = Views;
			sourceTree = "<group>";
		};
		415B26C31B13AF5700ADBE22 = {
			isa = PBXGroup;
			children = (
				415B270B1B13B52C00ADBE22 /* Frameworks */,
				415B26CE1B13AF5700ADBE22 /* Mosaic */,
				415B26CD1B13AF5700ADBE22 /* Products */,
				415B26E41B13AF5700ADBE22 /* MosaicTests */,
			);
			sourceTree = "<group>";
		};
		415B26CD1B13AF5700ADBE22 /* Products */ = {
			isa = PBXGroup;
			children = (
				415B26CC1B13AF5700ADBE22 /* Mosaic.app */,
				415B26E11B13AF5700ADBE22 /* MosaicTests.xctest */,
			);
			name = Products;
			sourceTree = "<group>";
		};
		415B26CE1B13AF5700ADBE22 /* Mosaic */ = {
			isa = PBXGroup;
			children = (
				25FF9BFB1B2B6F5A00885081 /* Views */,
				2563C3181B29102600C7102F /* Models */,
				415B26D11B13AF5700ADBE22 /* AppDelegate.swift */,
				2563C3221B2935E700C7102F /* View Controllers */,
				415B26D81B13AF5700ADBE22 /* Images.xcassets */,
				415B26CF1B13AF5700ADBE22 /* Supporting Files */,
				416998561B2AABCC009C7A16 /* Mosaic-Bridging-Header.h */,
			);
			path = Mosaic;
			sourceTree = "<group>";
		};
		415B26CF1B13AF5700ADBE22 /* Supporting Files */ = {
			isa = PBXGroup;
			children = (
				415B26D01B13AF5700ADBE22 /* Info.plist */,
			);
			name = "Supporting Files";
			sourceTree = "<group>";
		};
		415B26E41B13AF5700ADBE22 /* MosaicTests */ = {
			isa = PBXGroup;
			children = (
				415B26E71B13AF5700ADBE22 /* MosaicTests.swift */,
				415B26E51B13AF5700ADBE22 /* Supporting Files */,
			);
			path = MosaicTests;
			sourceTree = SOURCE_ROOT;
		};
		415B26E51B13AF5700ADBE22 /* Supporting Files */ = {
			isa = PBXGroup;
			children = (
				415B26E61B13AF5700ADBE22 /* Info.plist */,
			);
			name = "Supporting Files";
			sourceTree = "<group>";
		};
		415B270B1B13B52C00ADBE22 /* Frameworks */ = {
			isa = PBXGroup;
			children = (
				4169985A1B2AACE8009C7A16 /* FBSDKCoreKit.framework */,
				4169985B1B2AACE8009C7A16 /* FBSDKLoginKit.framework */,
				4169985C1B2AACE9009C7A16 /* FBSDKShareKit.framework */,
				416998541B2AAB73009C7A16 /* Social.framework */,
				416998521B2AAB5A009C7A16 /* Accounts.framework */,
				416998501B2AAB15009C7A16 /* ParseFacebookUtilsV4.framework */,
				415B26F51B13B51D00ADBE22 /* AudioToolbox.framework */,
				415B26F61B13B51D00ADBE22 /* CFNetwork.framework */,
				415B26F71B13B51D00ADBE22 /* CoreGraphics.framework */,
				415B26F81B13B51D00ADBE22 /* CoreLocation.framework */,
				415B26F91B13B51D00ADBE22 /* libsqlite3.dylib */,
				415B26FA1B13B51D00ADBE22 /* libz.dylib */,
				415B26FB1B13B51D00ADBE22 /* MobileCoreServices.framework */,
				415B26FC1B13B51D00ADBE22 /* QuartzCore.framework */,
				415B26FD1B13B51D00ADBE22 /* Security.framework */,
				415B26FE1B13B51D00ADBE22 /* StoreKit.framework */,
				415B26FF1B13B51D00ADBE22 /* SystemConfiguration.framework */,
				415B26F11B13B4C100ADBE22 /* Bolts.framework */,
				415B26F21B13B4C100ADBE22 /* Parse.framework */,
			);
			name = Frameworks;
			sourceTree = "<group>";
		};
/* End PBXGroup section */

/* Begin PBXNativeTarget section */
		415B26CB1B13AF5700ADBE22 /* Mosaic */ = {
			isa = PBXNativeTarget;
			buildConfigurationList = 415B26EB1B13AF5700ADBE22 /* Build configuration list for PBXNativeTarget "Mosaic" */;
			buildPhases = (
				415B26C81B13AF5700ADBE22 /* Sources */,
				415B26C91B13AF5700ADBE22 /* Frameworks */,
				415B26CA1B13AF5700ADBE22 /* Resources */,
			);
			buildRules = (
			);
			dependencies = (
			);
			name = Mosaic;
			productName = Mosaic;
			productReference = 415B26CC1B13AF5700ADBE22 /* Mosaic.app */;
			productType = "com.apple.product-type.application";
		};
		415B26E01B13AF5700ADBE22 /* MosaicTests */ = {
			isa = PBXNativeTarget;
			buildConfigurationList = 415B26EE1B13AF5700ADBE22 /* Build configuration list for PBXNativeTarget "MosaicTests" */;
			buildPhases = (
				415B26DD1B13AF5700ADBE22 /* Sources */,
				415B26DE1B13AF5700ADBE22 /* Frameworks */,
				415B26DF1B13AF5700ADBE22 /* Resources */,
			);
			buildRules = (
			);
			dependencies = (
				415B26E31B13AF5700ADBE22 /* PBXTargetDependency */,
			);
			name = MosaicTests;
			productName = MosaicTests;
			productReference = 415B26E11B13AF5700ADBE22 /* MosaicTests.xctest */;
			productType = "com.apple.product-type.bundle.unit-test";
		};
/* End PBXNativeTarget section */

/* Begin PBXProject section */
		415B26C41B13AF5700ADBE22 /* Project object */ = {
			isa = PBXProject;
			attributes = {
				LastUpgradeCheck = 0630;
				ORGANIZATIONNAME = CS446;
				TargetAttributes = {
					415B26CB1B13AF5700ADBE22 = {
						CreatedOnToolsVersion = 6.3.1;
					};
					415B26E01B13AF5700ADBE22 = {
						CreatedOnToolsVersion = 6.3.1;
						TestTargetID = 415B26CB1B13AF5700ADBE22;
					};
				};
			};
			buildConfigurationList = 415B26C71B13AF5700ADBE22 /* Build configuration list for PBXProject "Mosaic" */;
			compatibilityVersion = "Xcode 3.2";
			developmentRegion = English;
			hasScannedForEncodings = 0;
			knownRegions = (
				en,
				Base,
			);
			mainGroup = 415B26C31B13AF5700ADBE22;
			productRefGroup = 415B26CD1B13AF5700ADBE22 /* Products */;
			projectDirPath = "";
			projectRoot = "";
			targets = (
				415B26CB1B13AF5700ADBE22 /* Mosaic */,
				415B26E01B13AF5700ADBE22 /* MosaicTests */,
			);
		};
/* End PBXProject section */

/* Begin PBXResourcesBuildPhase section */
		415B26CA1B13AF5700ADBE22 /* Resources */ = {
			isa = PBXResourcesBuildPhase;
			buildActionMask = 2147483647;
			files = (
				25FF9C031B2B712900885081 /* EventTableViewCell.xib in Resources */,
				416998471B2A9C34009C7A16 /* Main.storyboard in Resources */,
				415B26DC1B13AF5700ADBE22 /* LaunchScreen.xib in Resources */,
				415B26D91B13AF5700ADBE22 /* Images.xcassets in Resources */,
			);
			runOnlyForDeploymentPostprocessing = 0;
		};
		415B26DF1B13AF5700ADBE22 /* Resources */ = {
			isa = PBXResourcesBuildPhase;
			buildActionMask = 2147483647;
			files = (
			);
			runOnlyForDeploymentPostprocessing = 0;
		};
/* End PBXResourcesBuildPhase section */

/* Begin PBXSourcesBuildPhase section */
		415B26C81B13AF5700ADBE22 /* Sources */ = {
			isa = PBXSourcesBuildPhase;
			buildActionMask = 2147483647;
			files = (
				25FF9C021B2B712900885081 /* EventTableViewCell.swift in Sources */,
				2563C31A1B29106800C7102F /* User.swift in Sources */,
				20929EF61B16513700523691 /* EventDetailsViewController.swift in Sources */,
				63B383741B29430C00D7A0A1 /* FavouriteController.swift in Sources */,
				415B26D41B13AF5700ADBE22 /* ViewController.swift in Sources */,
				4169984F1B2A9F42009C7A16 /* LoginViewController.swift in Sources */,
				63B383761B294AC100D7A0A1 /* AttendingController.swift in Sources */,
				415B26D21B13AF5700ADBE22 /* AppDelegate.swift in Sources */,
				2563C31C1B2910B100C7102F /* Event.swift in Sources */,
			);
			runOnlyForDeploymentPostprocessing = 0;
		};
		415B26DD1B13AF5700ADBE22 /* Sources */ = {
			isa = PBXSourcesBuildPhase;
			buildActionMask = 2147483647;
			files = (
				415B26E81B13AF5700ADBE22 /* MosaicTests.swift in Sources */,
			);
			runOnlyForDeploymentPostprocessing = 0;
		};
/* End PBXSourcesBuildPhase section */

/* Begin PBXTargetDependency section */
		415B26E31B13AF5700ADBE22 /* PBXTargetDependency */ = {
			isa = PBXTargetDependency;
			target = 415B26CB1B13AF5700ADBE22 /* Mosaic */;
			targetProxy = 415B26E21B13AF5700ADBE22 /* PBXContainerItemProxy */;
		};
/* End PBXTargetDependency section */

/* Begin PBXVariantGroup section */
		415B26DA1B13AF5700ADBE22 /* LaunchScreen.xib */ = {
			isa = PBXVariantGroup;
			children = (
				415B26DB1B13AF5700ADBE22 /* Base */,
			);
			name = LaunchScreen.xib;
			sourceTree = "<group>";
		};
/* End PBXVariantGroup section */

/* Begin XCBuildConfiguration section */
		415B26E91B13AF5700ADBE22 /* Debug */ = {
			isa = XCBuildConfiguration;
			buildSettings = {
				ALWAYS_SEARCH_USER_PATHS = NO;
				CLANG_CXX_LANGUAGE_STANDARD = "gnu++0x";
				CLANG_CXX_LIBRARY = "libc++";
				CLANG_ENABLE_MODULES = YES;
				CLANG_ENABLE_OBJC_ARC = YES;
				CLANG_WARN_BOOL_CONVERSION = YES;
				CLANG_WARN_CONSTANT_CONVERSION = YES;
				CLANG_WARN_DIRECT_OBJC_ISA_USAGE = YES_ERROR;
				CLANG_WARN_EMPTY_BODY = YES;
				CLANG_WARN_ENUM_CONVERSION = YES;
				CLANG_WARN_INT_CONVERSION = YES;
				CLANG_WARN_OBJC_ROOT_CLASS = YES_ERROR;
				CLANG_WARN_UNREACHABLE_CODE = YES;
				CLANG_WARN__DUPLICATE_METHOD_MATCH = YES;
				"CODE_SIGN_IDENTITY[sdk=iphoneos*]" = "iPhone Developer";
				COPY_PHASE_STRIP = NO;
				DEBUG_INFORMATION_FORMAT = "dwarf-with-dsym";
				ENABLE_STRICT_OBJC_MSGSEND = YES;
				GCC_C_LANGUAGE_STANDARD = gnu99;
				GCC_DYNAMIC_NO_PIC = NO;
				GCC_NO_COMMON_BLOCKS = YES;
				GCC_OPTIMIZATION_LEVEL = 0;
				GCC_PREPROCESSOR_DEFINITIONS = (
					"DEBUG=1",
					"$(inherited)",
				);
				GCC_SYMBOLS_PRIVATE_EXTERN = NO;
				GCC_WARN_64_TO_32_BIT_CONVERSION = YES;
				GCC_WARN_ABOUT_RETURN_TYPE = YES_ERROR;
				GCC_WARN_UNDECLARED_SELECTOR = YES;
				GCC_WARN_UNINITIALIZED_AUTOS = YES_AGGRESSIVE;
				GCC_WARN_UNUSED_FUNCTION = YES;
				GCC_WARN_UNUSED_VARIABLE = YES;
				IPHONEOS_DEPLOYMENT_TARGET = 8.3;
				MTL_ENABLE_DEBUG_INFO = YES;
				ONLY_ACTIVE_ARCH = YES;
				SDKROOT = iphoneos;
				SWIFT_OPTIMIZATION_LEVEL = "-Onone";
			};
			name = Debug;
		};
		415B26EA1B13AF5700ADBE22 /* Release */ = {
			isa = XCBuildConfiguration;
			buildSettings = {
				ALWAYS_SEARCH_USER_PATHS = NO;
				CLANG_CXX_LANGUAGE_STANDARD = "gnu++0x";
				CLANG_CXX_LIBRARY = "libc++";
				CLANG_ENABLE_MODULES = YES;
				CLANG_ENABLE_OBJC_ARC = YES;
				CLANG_WARN_BOOL_CONVERSION = YES;
				CLANG_WARN_CONSTANT_CONVERSION = YES;
				CLANG_WARN_DIRECT_OBJC_ISA_USAGE = YES_ERROR;
				CLANG_WARN_EMPTY_BODY = YES;
				CLANG_WARN_ENUM_CONVERSION = YES;
				CLANG_WARN_INT_CONVERSION = YES;
				CLANG_WARN_OBJC_ROOT_CLASS = YES_ERROR;
				CLANG_WARN_UNREACHABLE_CODE = YES;
				CLANG_WARN__DUPLICATE_METHOD_MATCH = YES;
				"CODE_SIGN_IDENTITY[sdk=iphoneos*]" = "iPhone Developer";
				COPY_PHASE_STRIP = NO;
				DEBUG_INFORMATION_FORMAT = "dwarf-with-dsym";
				ENABLE_NS_ASSERTIONS = NO;
				ENABLE_STRICT_OBJC_MSGSEND = YES;
				GCC_C_LANGUAGE_STANDARD = gnu99;
				GCC_NO_COMMON_BLOCKS = YES;
				GCC_WARN_64_TO_32_BIT_CONVERSION = YES;
				GCC_WARN_ABOUT_RETURN_TYPE = YES_ERROR;
				GCC_WARN_UNDECLARED_SELECTOR = YES;
				GCC_WARN_UNINITIALIZED_AUTOS = YES_AGGRESSIVE;
				GCC_WARN_UNUSED_FUNCTION = YES;
				GCC_WARN_UNUSED_VARIABLE = YES;
				IPHONEOS_DEPLOYMENT_TARGET = 8.3;
				MTL_ENABLE_DEBUG_INFO = NO;
				SDKROOT = iphoneos;
				VALIDATE_PRODUCT = YES;
			};
			name = Release;
		};
		415B26EC1B13AF5700ADBE22 /* Debug */ = {
			isa = XCBuildConfiguration;
			buildSettings = {
				ASSETCATALOG_COMPILER_APPICON_NAME = AppIcon;
				CLANG_ENABLE_MODULES = YES;
				FRAMEWORK_SEARCH_PATHS = (
					"$(inherited)",
					"$(PROJECT_DIR)",
				);
				INFOPLIST_FILE = Mosaic/Info.plist;
				IPHONEOS_DEPLOYMENT_TARGET = 8.2;
				LD_RUNPATH_SEARCH_PATHS = "$(inherited) @executable_path/Frameworks";
				PRODUCT_NAME = "$(TARGET_NAME)";
				SWIFT_OBJC_BRIDGING_HEADER = "Mosaic/Mosaic-Bridging-Header.h";
				SWIFT_OPTIMIZATION_LEVEL = "-Onone";
			};
			name = Debug;
		};
		415B26ED1B13AF5700ADBE22 /* Release */ = {
			isa = XCBuildConfiguration;
			buildSettings = {
				ASSETCATALOG_COMPILER_APPICON_NAME = AppIcon;
				CLANG_ENABLE_MODULES = YES;
				FRAMEWORK_SEARCH_PATHS = (
					"$(inherited)",
					"$(PROJECT_DIR)",
				);
				INFOPLIST_FILE = Mosaic/Info.plist;
				IPHONEOS_DEPLOYMENT_TARGET = 8.2;
				LD_RUNPATH_SEARCH_PATHS = "$(inherited) @executable_path/Frameworks";
				PRODUCT_NAME = "$(TARGET_NAME)";
				SWIFT_OBJC_BRIDGING_HEADER = "Mosaic/Mosaic-Bridging-Header.h";
			};
			name = Release;
		};
		415B26EF1B13AF5700ADBE22 /* Debug */ = {
			isa = XCBuildConfiguration;
			buildSettings = {
				BUNDLE_LOADER = "$(TEST_HOST)";
				FRAMEWORK_SEARCH_PATHS = (
					"$(SDKROOT)/Developer/Library/Frameworks",
					"$(inherited)",
				);
				GCC_PREPROCESSOR_DEFINITIONS = (
					"DEBUG=1",
					"$(inherited)",
				);
				INFOPLIST_FILE = MosaicTests/Info.plist;
				LD_RUNPATH_SEARCH_PATHS = "$(inherited) @executable_path/Frameworks @loader_path/Frameworks";
				PRODUCT_NAME = "$(TARGET_NAME)";
				TEST_HOST = "$(BUILT_PRODUCTS_DIR)/Mosaic.app/Mosaic";
			};
			name = Debug;
		};
		415B26F01B13AF5700ADBE22 /* Release */ = {
			isa = XCBuildConfiguration;
			buildSettings = {
				BUNDLE_LOADER = "$(TEST_HOST)";
				FRAMEWORK_SEARCH_PATHS = (
					"$(SDKROOT)/Developer/Library/Frameworks",
					"$(inherited)",
				);
				INFOPLIST_FILE = MosaicTests/Info.plist;
				LD_RUNPATH_SEARCH_PATHS = "$(inherited) @executable_path/Frameworks @loader_path/Frameworks";
				PRODUCT_NAME = "$(TARGET_NAME)";
				TEST_HOST = "$(BUILT_PRODUCTS_DIR)/Mosaic.app/Mosaic";
			};
			name = Release;
		};
/* End XCBuildConfiguration section */

/* Begin XCConfigurationList section */
		415B26C71B13AF5700ADBE22 /* Build configuration list for PBXProject "Mosaic" */ = {
			isa = XCConfigurationList;
			buildConfigurations = (
				415B26E91B13AF5700ADBE22 /* Debug */,
				415B26EA1B13AF5700ADBE22 /* Release */,
			);
			defaultConfigurationIsVisible = 0;
			defaultConfigurationName = Release;
		};
		415B26EB1B13AF5700ADBE22 /* Build configuration list for PBXNativeTarget "Mosaic" */ = {
			isa = XCConfigurationList;
			buildConfigurations = (
				415B26EC1B13AF5700ADBE22 /* Debug */,
				415B26ED1B13AF5700ADBE22 /* Release */,
			);
			defaultConfigurationIsVisible = 0;
			defaultConfigurationName = Release;
		};
		415B26EE1B13AF5700ADBE22 /* Build configuration list for PBXNativeTarget "MosaicTests" */ = {
			isa = XCConfigurationList;
			buildConfigurations = (
				415B26EF1B13AF5700ADBE22 /* Debug */,
				415B26F01B13AF5700ADBE22 /* Release */,
			);
			defaultConfigurationIsVisible = 0;
			defaultConfigurationName = Release;
		};
/* End XCConfigurationList section */
	};
	rootObject = 415B26C41B13AF5700ADBE22 /* Project object */;
}
